
Microsoft Visual Studio Solution File, Format Version 12.00
# Visual Studio 2017
Project("{FAE04EC0-301F-11D3-BF4B-00C04F79EFBC}") = "Object Pools Demo", "Object Pools Demo.csproj", "{992DD2F9-B031-7F62-5C2F-501E9E667AAF}"
EndProject
Global
	GlobalSection(SolutionConfigurationPlatforms) = preSolution
		Debug|Any CPU = Debug|Any CPU
		Release|Any CPU = Release|Any CPU
	EndGlobalSection
	GlobalSection(ProjectConfigurationPlatforms) = postSolution
		{992DD2F9-B031-7F62-5C2F-501E9E667AAF}.Debug|Any CPU.ActiveCfg = Debug|Any CPU
		{992DD2F9-B031-7F62-5C2F-501E9E667AAF}.Debug|Any CPU.Build.0 = Debug|Any CPU
		{992DD2F9-B031-7F62-5C2F-501E9E667AAF}.Release|Any CPU.ActiveCfg = Release|Any CPU
		{992DD2F9-B031-7F62-5C2F-501E9E667AAF}.Release|Any CPU.Build.0 = Release|Any CPU
	EndGlobalSection
	GlobalSection(SolutionProperties) = preSolution
		HideSolutionNode = FALSE
	EndGlobalSection
EndGlobal
